
Microsoft Visual Studio Solution File, Format Version 12.00
# Visual Studio Version 17
VisualStudioVersion = 17.14.36623.8
MinimumVisualStudioVersion = 10.0.40219.1
Project("{2150E333-8FDC-42A3-9474-1A3956D46DE8}") = "src", "src", "{02EA681E-C7D8-13C7-8484-4AC65E1B71E8}"
EndProject
Project("{2150E333-8FDC-42A3-9474-1A3956D46DE8}") = "tests", "tests", "{D50138D6-6AA1-4317-8396-6EDC1199D028}"
EndProject
Project("{2150E333-8FDC-42A3-9474-1A3956D46DE8}") = "docker", "docker", "{D739BA25-983E-4A12-8F5C-D8400B8E8044}"
EndProject
Project("{2150E333-8FDC-42A3-9474-1A3956D46DE8}") = "BuildingBlocks", "BuildingBlocks", "{11B92B5B-9F9B-45DE-90F7-23DFF9A3BB25}"
EndProject
Project("{2150E333-8FDC-42A3-9474-1A3956D46DE8}") = "Services", "Services", "{FE33DDAD-9D43-4E55-AF58-3E673E2A77A6}"
EndProject
Project("{2150E333-8FDC-42A3-9474-1A3956D46DE8}") = "Heroes", "Heroes", "{7ECD9461-A11A-40F2-92EA-FC5A3547C751}"
EndProject
Project("{2150E333-8FDC-42A3-9474-1A3956D46DE8}") = "Combat", "Combat", "{A0B335E1-3996-467B-9ECF-33657CC8DED4}"
EndProject
Project("{2150E333-8FDC-42A3-9474-1A3956D46DE8}") = "Enemies", "Enemies", "{11529615-55E0-4866-9EA7-BA8E03B74203}"
EndProject
Project("{2150E333-8FDC-42A3-9474-1A3956D46DE8}") = "Rewards", "Rewards", "{069273A1-54A6-4CB4-BFE4-71D2BAB629D1}"
EndProject
Project("{FAE04EC0-301F-11D3-BF4B-00C04F79EFBC}") = "Heroes.Domain", "Heroes.Domain\Heroes.Domain.csproj", "{0DC2FFFE-FE21-420D-A705-FFAAD0FA3B33}"
EndProject
Project("{FAE04EC0-301F-11D3-BF4B-00C04F79EFBC}") = "Heroes.Application", "Heroes.Application\Heroes.Application.csproj", "{279E9E6A-86F4-46EB-A83E-54056BAEAA9C}"
EndProject
Project("{FAE04EC0-301F-11D3-BF4B-00C04F79EFBC}") = "Heroes.Infrastructure", "Heroes.Infrastructure\Heroes.Infrastructure.csproj", "{700ABC2F-4EBD-4BF3-AB44-CE7FD8B5E994}"
EndProject
Project("{FAE04EC0-301F-11D3-BF4B-00C04F79EFBC}") = "Heroes.API", "Heroes.API\Heroes.API.csproj", "{DFBD88EF-19F0-472E-8645-C66614C9FA10}"
EndProject
Project("{2150E333-8FDC-42A3-9474-1A3956D46DE8}") = "Solution Items", "Solution Items", "{8EC462FD-D22E-90A8-E5CE-7E832BA40C5D}"
	ProjectSection(SolutionItems) = preProject
		docker-compose.yml = docker-compose.yml
		README.md = README.md
	EndProjectSection
EndProject
Global
	GlobalSection(SolutionConfigurationPlatforms) = preSolution
		Debug|Any CPU = Debug|Any CPU
		Release|Any CPU = Release|Any CPU
	EndGlobalSection
	GlobalSection(ProjectConfigurationPlatforms) = postSolution
		{0DC2FFFE-FE21-420D-A705-FFAAD0FA3B33}.Debug|Any CPU.ActiveCfg = Debug|Any CPU
		{0DC2FFFE-FE21-420D-A705-FFAAD0FA3B33}.Debug|Any CPU.Build.0 = Debug|Any CPU
		{0DC2FFFE-FE21-420D-A705-FFAAD0FA3B33}.Release|Any CPU.ActiveCfg = Release|Any CPU
		{0DC2FFFE-FE21-420D-A705-FFAAD0FA3B33}.Release|Any CPU.Build.0 = Release|Any CPU
		{279E9E6A-86F4-46EB-A83E-54056BAEAA9C}.Debug|Any CPU.ActiveCfg = Debug|Any CPU
		{279E9E6A-86F4-46EB-A83E-54056BAEAA9C}.Debug|Any CPU.Build.0 = Debug|Any CPU
		{279E9E6A-86F4-46EB-A83E-54056BAEAA9C}.Release|Any CPU.ActiveCfg = Release|Any CPU
		{279E9E6A-86F4-46EB-A83E-54056BAEAA9C}.Release|Any CPU.Build.0 = Release|Any CPU
		{700ABC2F-4EBD-4BF3-AB44-CE7FD8B5E994}.Debug|Any CPU.ActiveCfg = Debug|Any CPU
		{700ABC2F-4EBD-4BF3-AB44-CE7FD8B5E994}.Debug|Any CPU.Build.0 = Debug|Any CPU
		{700ABC2F-4EBD-4BF3-AB44-CE7FD8B5E994}.Release|Any CPU.ActiveCfg = Release|Any CPU
		{700ABC2F-4EBD-4BF3-AB44-CE7FD8B5E994}.Release|Any CPU.Build.0 = Release|Any CPU
		{DFBD88EF-19F0-472E-8645-C66614C9FA10}.Debug|Any CPU.ActiveCfg = Debug|Any CPU
		{DFBD88EF-19F0-472E-8645-C66614C9FA10}.Debug|Any CPU.Build.0 = Debug|Any CPU
		{DFBD88EF-19F0-472E-8645-C66614C9FA10}.Release|Any CPU.ActiveCfg = Release|Any CPU
		{DFBD88EF-19F0-472E-8645-C66614C9FA10}.Release|Any CPU.Build.0 = Release|Any CPU
	EndGlobalSection
	GlobalSection(SolutionProperties) = preSolution
		HideSolutionNode = FALSE
	EndGlobalSection
	GlobalSection(NestedProjects) = preSolution
		{11B92B5B-9F9B-45DE-90F7-23DFF9A3BB25} = {02EA681E-C7D8-13C7-8484-4AC65E1B71E8}
		{FE33DDAD-9D43-4E55-AF58-3E673E2A77A6} = {02EA681E-C7D8-13C7-8484-4AC65E1B71E8}
		{7ECD9461-A11A-40F2-92EA-FC5A3547C751} = {FE33DDAD-9D43-4E55-AF58-3E673E2A77A6}
		{A0B335E1-3996-467B-9ECF-33657CC8DED4} = {FE33DDAD-9D43-4E55-AF58-3E673E2A77A6}
		{11529615-55E0-4866-9EA7-BA8E03B74203} = {FE33DDAD-9D43-4E55-AF58-3E673E2A77A6}
		{069273A1-54A6-4CB4-BFE4-71D2BAB629D1} = {FE33DDAD-9D43-4E55-AF58-3E673E2A77A6}
		{0DC2FFFE-FE21-420D-A705-FFAAD0FA3B33} = {7ECD9461-A11A-40F2-92EA-FC5A3547C751}
		{279E9E6A-86F4-46EB-A83E-54056BAEAA9C} = {7ECD9461-A11A-40F2-92EA-FC5A3547C751}
		{700ABC2F-4EBD-4BF3-AB44-CE7FD8B5E994} = {7ECD9461-A11A-40F2-92EA-FC5A3547C751}
		{DFBD88EF-19F0-472E-8645-C66614C9FA10} = {7ECD9461-A11A-40F2-92EA-FC5A3547C751}
	EndGlobalSection
	GlobalSection(ExtensibilityGlobals) = postSolution
		SolutionGuid = {AFB01C88-D1CD-4AAD-A80D-E72C4E9D1522}
	EndGlobalSection
EndGlobal
